// !$*UTF8*$!
{
	archiveVersion = 1;
	classes = {
	};
	objectVersion = 55;
	objects = {

/* Begin PBXBuildFile section */
		52B551D627F5E0A5001B6DA4 /* AppDelegate.swift in Sources */ = {isa = PBXBuildFile; fileRef = 52B551D527F5E0A5001B6DA4 /* AppDelegate.swift */; };
		52B551D827F5E0A5001B6DA4 /* SceneDelegate.swift in Sources */ = {isa = PBXBuildFile; fileRef = 52B551D727F5E0A5001B6DA4 /* SceneDelegate.swift */; };
		52B551DA27F5E0A5001B6DA4 /* ViewController.swift in Sources */ = {isa = PBXBuildFile; fileRef = 52B551D927F5E0A5001B6DA4 /* ViewController.swift */; };
		52B551DD27F5E0A5001B6DA4 /* Main.storyboard in Resources */ = {isa = PBXBuildFile; fileRef = 52B551DB27F5E0A5001B6DA4 /* Main.storyboard */; };
		52B551DF27F5E0A7001B6DA4 /* Assets.xcassets in Resources */ = {isa = PBXBuildFile; fileRef = 52B551DE27F5E0A7001B6DA4 /* Assets.xcassets */; };
		52B551E227F5E0A7001B6DA4 /* LaunchScreen.storyboard in Resources */ = {isa = PBXBuildFile; fileRef = 52B551E027F5E0A7001B6DA4 /* LaunchScreen.storyboard */; };
		52B551EB27F5E467001B6DA4 /* Coordinator.swift in Sources */ = {isa = PBXBuildFile; fileRef = 52B551EA27F5E467001B6DA4 /* Coordinator.swift */; };
		52B551ED27F5E5FA001B6DA4 /* MainCoordinator.swift in Sources */ = {isa = PBXBuildFile; fileRef = 52B551EC27F5E5FA001B6DA4 /* MainCoordinator.swift */; };
		52B551EF27F5E96F001B6DA4 /* BlogCoordinator.swift in Sources */ = {isa = PBXBuildFile; fileRef = 52B551EE27F5E96F001B6DA4 /* BlogCoordinator.swift */; };
		52B551F127F5E977001B6DA4 /* MapCoordinator.swift in Sources */ = {isa = PBXBuildFile; fileRef = 52B551F027F5E977001B6DA4 /* MapCoordinator.swift */; };
		52B551F427F603BA001B6DA4 /* Storyboarded.swift in Sources */ = {isa = PBXBuildFile; fileRef = 52B551F327F603BA001B6DA4 /* Storyboarded.swift */; };
		52B551F727F60AD8001B6DA4 /* BlogViewController.swift in Sources */ = {isa = PBXBuildFile; fileRef = 52B551F627F60AD8001B6DA4 /* BlogViewController.swift */; };
		52B551F927F60AE5001B6DA4 /* MapViewController.swift in Sources */ = {isa = PBXBuildFile; fileRef = 52B551F827F60AE5001B6DA4 /* MapViewController.swift */; };
		52B551FB27F61054001B6DA4 /* MainTabViewController.swift in Sources */ = {isa = PBXBuildFile; fileRef = 52B551FA27F61054001B6DA4 /* MainTabViewController.swift */; };
		52C65E4827F616BF00805CC2 /* SplashScreenViewController.swift in Sources */ = {isa = PBXBuildFile; fileRef = 52C65E4727F616BF00805CC2 /* SplashScreenViewController.swift */; };
		52C65E4B27F61B2200805CC2 /* AlertController.swift in Sources */ = {isa = PBXBuildFile; fileRef = 52C65E4A27F61B2200805CC2 /* AlertController.swift */; };
		52C65E5027F6E60D00805CC2 /* Article.swift in Sources */ = {isa = PBXBuildFile; fileRef = 52C65E4F27F6E60D00805CC2 /* Article.swift */; };
		52C65E5427F6E85200805CC2 /* ArticleAPI.swift in Sources */ = {isa = PBXBuildFile; fileRef = 52C65E5327F6E85200805CC2 /* ArticleAPI.swift */; };
		52C65E5827F6E8C400805CC2 /* ImageAPI.swift in Sources */ = {isa = PBXBuildFile; fileRef = 52C65E5727F6E8C400805CC2 /* ImageAPI.swift */; };
		52C65E5A27F72C3100805CC2 /* EndPoint.swift in Sources */ = {isa = PBXBuildFile; fileRef = 52C65E5927F72C3100805CC2 /* EndPoint.swift */; };
		52C65E5C27F72C4200805CC2 /* NetworkRouter.swift in Sources */ = {isa = PBXBuildFile; fileRef = 52C65E5B27F72C4200805CC2 /* NetworkRouter.swift */; };
		52C65E5E27F72C4A00805CC2 /* NetworkManager.swift in Sources */ = {isa = PBXBuildFile; fileRef = 52C65E5D27F72C4A00805CC2 /* NetworkManager.swift */; };
		52C65E6027F72CA500805CC2 /* ParameterEncoder.swift in Sources */ = {isa = PBXBuildFile; fileRef = 52C65E5F27F72CA500805CC2 /* ParameterEncoder.swift */; };
		52C65E6227F72CB000805CC2 /* URLParameterEncoder.swift in Sources */ = {isa = PBXBuildFile; fileRef = 52C65E6127F72CB000805CC2 /* URLParameterEncoder.swift */; };
		52C65E6427F72CB900805CC2 /* JSONParameterEncoder.swift in Sources */ = {isa = PBXBuildFile; fileRef = 52C65E6327F72CB900805CC2 /* JSONParameterEncoder.swift */; };
		52C65E6727F735EF00805CC2 /* ArticleRepository.swift in Sources */ = {isa = PBXBuildFile; fileRef = 52C65E6627F735EF00805CC2 /* ArticleRepository.swift */; };
		52C65E6927F736B000805CC2 /* ImageRepository.swift in Sources */ = {isa = PBXBuildFile; fileRef = 52C65E6827F736B000805CC2 /* ImageRepository.swift */; };
		52C65E6D27F73E9700805CC2 /* Repository.swift in Sources */ = {isa = PBXBuildFile; fileRef = 52C65E6C27F73E9700805CC2 /* Repository.swift */; };
		52C65E6F27F788E300805CC2 /* UIViewController+Scene.swift in Sources */ = {isa = PBXBuildFile; fileRef = 52C65E6E27F788E300805CC2 /* UIViewController+Scene.swift */; };
/* End PBXBuildFile section */

/* Begin PBXFileReference section */
		52B551D227F5E0A5001B6DA4 /* ltvios.app */ = {isa = PBXFileReference; explicitFileType = wrapper.application; includeInIndex = 0; path = ltvios.app; sourceTree = BUILT_PRODUCTS_DIR; };
		52B551D527F5E0A5001B6DA4 /* AppDelegate.swift */ = {isa = PBXFileReference; lastKnownFileType = sourcecode.swift; path = AppDelegate.swift; sourceTree = "<group>"; };
		52B551D727F5E0A5001B6DA4 /* SceneDelegate.swift */ = {isa = PBXFileReference; lastKnownFileType = sourcecode.swift; path = SceneDelegate.swift; sourceTree = "<group>"; };
		52B551D927F5E0A5001B6DA4 /* ViewController.swift */ = {isa = PBXFileReference; lastKnownFileType = sourcecode.swift; path = ViewController.swift; sourceTree = "<group>"; };
		52B551DC27F5E0A5001B6DA4 /* Base */ = {isa = PBXFileReference; lastKnownFileType = file.storyboard; name = Base; path = Base.lproj/Main.storyboard; sourceTree = "<group>"; };
		52B551DE27F5E0A7001B6DA4 /* Assets.xcassets */ = {isa = PBXFileReference; lastKnownFileType = folder.assetcatalog; path = Assets.xcassets; sourceTree = "<group>"; };
		52B551E127F5E0A7001B6DA4 /* Base */ = {isa = PBXFileReference; lastKnownFileType = file.storyboard; name = Base; path = Base.lproj/LaunchScreen.storyboard; sourceTree = "<group>"; };
		52B551E327F5E0A7001B6DA4 /* Info.plist */ = {isa = PBXFileReference; lastKnownFileType = text.plist.xml; path = Info.plist; sourceTree = "<group>"; };
		52B551EA27F5E467001B6DA4 /* Coordinator.swift */ = {isa = PBXFileReference; lastKnownFileType = sourcecode.swift; path = Coordinator.swift; sourceTree = "<group>"; };
		52B551EC27F5E5FA001B6DA4 /* MainCoordinator.swift */ = {isa = PBXFileReference; lastKnownFileType = sourcecode.swift; path = MainCoordinator.swift; sourceTree = "<group>"; };
		52B551EE27F5E96F001B6DA4 /* BlogCoordinator.swift */ = {isa = PBXFileReference; lastKnownFileType = sourcecode.swift; path = BlogCoordinator.swift; sourceTree = "<group>"; };
		52B551F027F5E977001B6DA4 /* MapCoordinator.swift */ = {isa = PBXFileReference; lastKnownFileType = sourcecode.swift; path = MapCoordinator.swift; sourceTree = "<group>"; };
		52B551F327F603BA001B6DA4 /* Storyboarded.swift */ = {isa = PBXFileReference; lastKnownFileType = sourcecode.swift; path = Storyboarded.swift; sourceTree = "<group>"; };
		52B551F627F60AD8001B6DA4 /* BlogViewController.swift */ = {isa = PBXFileReference; lastKnownFileType = sourcecode.swift; path = BlogViewController.swift; sourceTree = "<group>"; };
		52B551F827F60AE5001B6DA4 /* MapViewController.swift */ = {isa = PBXFileReference; lastKnownFileType = sourcecode.swift; path = MapViewController.swift; sourceTree = "<group>"; };
		52B551FA27F61054001B6DA4 /* MainTabViewController.swift */ = {isa = PBXFileReference; lastKnownFileType = sourcecode.swift; path = MainTabViewController.swift; sourceTree = "<group>"; };
		52C65E4727F616BF00805CC2 /* SplashScreenViewController.swift */ = {isa = PBXFileReference; lastKnownFileType = sourcecode.swift; path = SplashScreenViewController.swift; sourceTree = "<group>"; };
		52C65E4A27F61B2200805CC2 /* AlertController.swift */ = {isa = PBXFileReference; lastKnownFileType = sourcecode.swift; path = AlertController.swift; sourceTree = "<group>"; };
		52C65E4F27F6E60D00805CC2 /* Article.swift */ = {isa = PBXFileReference; lastKnownFileType = sourcecode.swift; path = Article.swift; sourceTree = "<group>"; };
		52C65E5327F6E85200805CC2 /* ArticleAPI.swift */ = {isa = PBXFileReference; lastKnownFileType = sourcecode.swift; path = ArticleAPI.swift; sourceTree = "<group>"; };
		52C65E5727F6E8C400805CC2 /* ImageAPI.swift */ = {isa = PBXFileReference; lastKnownFileType = sourcecode.swift; path = ImageAPI.swift; sourceTree = "<group>"; };
		52C65E5927F72C3100805CC2 /* EndPoint.swift */ = {isa = PBXFileReference; lastKnownFileType = sourcecode.swift; path = EndPoint.swift; sourceTree = "<group>"; };
		52C65E5B27F72C4200805CC2 /* NetworkRouter.swift */ = {isa = PBXFileReference; lastKnownFileType = sourcecode.swift; path = NetworkRouter.swift; sourceTree = "<group>"; };
		52C65E5D27F72C4A00805CC2 /* NetworkManager.swift */ = {isa = PBXFileReference; lastKnownFileType = sourcecode.swift; path = NetworkManager.swift; sourceTree = "<group>"; };
		52C65E5F27F72CA500805CC2 /* ParameterEncoder.swift */ = {isa = PBXFileReference; lastKnownFileType = sourcecode.swift; path = ParameterEncoder.swift; sourceTree = "<group>"; };
		52C65E6127F72CB000805CC2 /* URLParameterEncoder.swift */ = {isa = PBXFileReference; lastKnownFileType = sourcecode.swift; path = URLParameterEncoder.swift; sourceTree = "<group>"; };
		52C65E6327F72CB900805CC2 /* JSONParameterEncoder.swift */ = {isa = PBXFileReference; lastKnownFileType = sourcecode.swift; path = JSONParameterEncoder.swift; sourceTree = "<group>"; };
		52C65E6627F735EF00805CC2 /* ArticleRepository.swift */ = {isa = PBXFileReference; lastKnownFileType = sourcecode.swift; path = ArticleRepository.swift; sourceTree = "<group>"; };
		52C65E6827F736B000805CC2 /* ImageRepository.swift */ = {isa = PBXFileReference; lastKnownFileType = sourcecode.swift; path = ImageRepository.swift; sourceTree = "<group>"; };
		52C65E6C27F73E9700805CC2 /* Repository.swift */ = {isa = PBXFileReference; lastKnownFileType = sourcecode.swift; path = Repository.swift; sourceTree = "<group>"; };
		52C65E6E27F788E300805CC2 /* UIViewController+Scene.swift */ = {isa = PBXFileReference; lastKnownFileType = sourcecode.swift; path = "UIViewController+Scene.swift"; sourceTree = "<group>"; };
/* End PBXFileReference section */

/* Begin PBXFrameworksBuildPhase section */
		52B551CF27F5E0A5001B6DA4 /* Frameworks */ = {
			isa = PBXFrameworksBuildPhase;
			buildActionMask = 2147483647;
			files = (
			);
			runOnlyForDeploymentPostprocessing = 0;
		};
/* End PBXFrameworksBuildPhase section */

/* Begin PBXGroup section */
		52B551C927F5E0A5001B6DA4 = {
			isa = PBXGroup;
			children = (
				52B551D427F5E0A5001B6DA4 /* ltvios */,
				52B551D327F5E0A5001B6DA4 /* Products */,
			);
			sourceTree = "<group>";
		};
		52B551D327F5E0A5001B6DA4 /* Products */ = {
			isa = PBXGroup;
			children = (
				52B551D227F5E0A5001B6DA4 /* ltvios.app */,
			);
			name = Products;
			sourceTree = "<group>";
		};
		52B551D427F5E0A5001B6DA4 /* ltvios */ = {
			isa = PBXGroup;
			children = (
				52C65E5127F6E81E00805CC2 /* Networking */,
				52C65E4E27F6E5F600805CC2 /* Model */,
				52B551F527F60ACF001B6DA4 /* Controller */,
				52B551F227F603AB001B6DA4 /* Extension */,
				52B551E927F5E459001B6DA4 /* Coordinator */,
				52B551D527F5E0A5001B6DA4 /* AppDelegate.swift */,
				52B551D727F5E0A5001B6DA4 /* SceneDelegate.swift */,
				52B551D927F5E0A5001B6DA4 /* ViewController.swift */,
				52B551DB27F5E0A5001B6DA4 /* Main.storyboard */,
				52B551DE27F5E0A7001B6DA4 /* Assets.xcassets */,
				52B551E027F5E0A7001B6DA4 /* LaunchScreen.storyboard */,
				52B551E327F5E0A7001B6DA4 /* Info.plist */,
			);
			path = ltvios;
			sourceTree = "<group>";
		};
		52B551E927F5E459001B6DA4 /* Coordinator */ = {
			isa = PBXGroup;
			children = (
				52B551EA27F5E467001B6DA4 /* Coordinator.swift */,
				52B551EC27F5E5FA001B6DA4 /* MainCoordinator.swift */,
				52B551EE27F5E96F001B6DA4 /* BlogCoordinator.swift */,
				52B551F027F5E977001B6DA4 /* MapCoordinator.swift */,
			);
			path = Coordinator;
			sourceTree = "<group>";
		};
		52B551F227F603AB001B6DA4 /* Extension */ = {
			isa = PBXGroup;
			children = (
				52B551F327F603BA001B6DA4 /* Storyboarded.swift */,
				52C65E6E27F788E300805CC2 /* UIViewController+Scene.swift */,
			);
			path = Extension;
			sourceTree = "<group>";
		};
		52B551F527F60ACF001B6DA4 /* Controller */ = {
			isa = PBXGroup;
			children = (
				52C65E4927F61B1800805CC2 /* Alert */,
				52B551F627F60AD8001B6DA4 /* BlogViewController.swift */,
				52B551F827F60AE5001B6DA4 /* MapViewController.swift */,
				52B551FA27F61054001B6DA4 /* MainTabViewController.swift */,
				52C65E4727F616BF00805CC2 /* SplashScreenViewController.swift */,
			);
			path = Controller;
			sourceTree = "<group>";
		};
		52C65E4927F61B1800805CC2 /* Alert */ = {
			isa = PBXGroup;
			children = (
				52C65E4A27F61B2200805CC2 /* AlertController.swift */,
			);
			path = Alert;
			sourceTree = "<group>";
		};
		52C65E4E27F6E5F600805CC2 /* Model */ = {
			isa = PBXGroup;
			children = (
				52C65E4F27F6E60D00805CC2 /* Article.swift */,
			);
			path = Model;
			sourceTree = "<group>";
		};
		52C65E5127F6E81E00805CC2 /* Networking */ = {
			isa = PBXGroup;
			children = (
				52C65E6527F735D600805CC2 /* Repository */,
				52C65E5627F6E86800805CC2 /* Encoding */,
				52C65E5527F6E85B00805CC2 /* API */,
				52C65E5227F6E84000805CC2 /* EndPoint */,
			);
			path = Networking;
			sourceTree = "<group>";
		};
		52C65E5227F6E84000805CC2 /* EndPoint */ = {
			isa = PBXGroup;
			children = (
				52C65E5927F72C3100805CC2 /* EndPoint.swift */,
				52C65E5B27F72C4200805CC2 /* NetworkRouter.swift */,
				52C65E5D27F72C4A00805CC2 /* NetworkManager.swift */,
			);
			path = EndPoint;
			sourceTree = "<group>";
		};
		52C65E5527F6E85B00805CC2 /* API */ = {
			isa = PBXGroup;
			children = (
				52C65E5327F6E85200805CC2 /* ArticleAPI.swift */,
				52C65E5727F6E8C400805CC2 /* ImageAPI.swift */,
			);
			path = API;
			sourceTree = "<group>";
		};
		52C65E5627F6E86800805CC2 /* Encoding */ = {
			isa = PBXGroup;
			children = (
				52C65E5F27F72CA500805CC2 /* ParameterEncoder.swift */,
				52C65E6127F72CB000805CC2 /* URLParameterEncoder.swift */,
				52C65E6327F72CB900805CC2 /* JSONParameterEncoder.swift */,
			);
			path = Encoding;
			sourceTree = "<group>";
		};
		52C65E6527F735D600805CC2 /* Repository */ = {
			isa = PBXGroup;
			children = (
				52C65E6627F735EF00805CC2 /* ArticleRepository.swift */,
				52C65E6827F736B000805CC2 /* ImageRepository.swift */,
				52C65E6C27F73E9700805CC2 /* Repository.swift */,
			);
			path = Repository;
			sourceTree = "<group>";
		};
/* End PBXGroup section */

/* Begin PBXNativeTarget section */
		52B551D127F5E0A5001B6DA4 /* ltvios */ = {
			isa = PBXNativeTarget;
			buildConfigurationList = 52B551E627F5E0A7001B6DA4 /* Build configuration list for PBXNativeTarget "ltvios" */;
			buildPhases = (
				52B551CE27F5E0A5001B6DA4 /* Sources */,
				52B551CF27F5E0A5001B6DA4 /* Frameworks */,
				52B551D027F5E0A5001B6DA4 /* Resources */,
			);
			buildRules = (
			);
			dependencies = (
			);
			name = ltvios;
			productName = ltvios;
			productReference = 52B551D227F5E0A5001B6DA4 /* ltvios.app */;
			productType = "com.apple.product-type.application";
		};
/* End PBXNativeTarget section */

/* Begin PBXProject section */
		52B551CA27F5E0A5001B6DA4 /* Project object */ = {
			isa = PBXProject;
			attributes = {
				BuildIndependentTargetsInParallel = 1;
				LastSwiftUpdateCheck = 1320;
				LastUpgradeCheck = 1320;
				TargetAttributes = {
					52B551D127F5E0A5001B6DA4 = {
						CreatedOnToolsVersion = 13.2.1;
					};
				};
			};
			buildConfigurationList = 52B551CD27F5E0A5001B6DA4 /* Build configuration list for PBXProject "ltvios" */;
			compatibilityVersion = "Xcode 13.0";
			developmentRegion = en;
			hasScannedForEncodings = 0;
			knownRegions = (
				en,
				Base,
			);
			mainGroup = 52B551C927F5E0A5001B6DA4;
			productRefGroup = 52B551D327F5E0A5001B6DA4 /* Products */;
			projectDirPath = "";
			projectRoot = "";
			targets = (
				52B551D127F5E0A5001B6DA4 /* ltvios */,
			);
		};
/* End PBXProject section */

/* Begin PBXResourcesBuildPhase section */
		52B551D027F5E0A5001B6DA4 /* Resources */ = {
			isa = PBXResourcesBuildPhase;
			buildActionMask = 2147483647;
			files = (
				52B551E227F5E0A7001B6DA4 /* LaunchScreen.storyboard in Resources */,
				52B551DF27F5E0A7001B6DA4 /* Assets.xcassets in Resources */,
				52B551DD27F5E0A5001B6DA4 /* Main.storyboard in Resources */,
			);
			runOnlyForDeploymentPostprocessing = 0;
		};
/* End PBXResourcesBuildPhase section */

/* Begin PBXSourcesBuildPhase section */
		52B551CE27F5E0A5001B6DA4 /* Sources */ = {
			isa = PBXSourcesBuildPhase;
			buildActionMask = 2147483647;
			files = (
				52C65E5E27F72C4A00805CC2 /* NetworkManager.swift in Sources */,
				52C65E5027F6E60D00805CC2 /* Article.swift in Sources */,
				52C65E4B27F61B2200805CC2 /* AlertController.swift in Sources */,
				52C65E6F27F788E300805CC2 /* UIViewController+Scene.swift in Sources */,
				52B551EF27F5E96F001B6DA4 /* BlogCoordinator.swift in Sources */,
				52C65E6427F72CB900805CC2 /* JSONParameterEncoder.swift in Sources */,
				52B551EB27F5E467001B6DA4 /* Coordinator.swift in Sources */,
				52C65E5427F6E85200805CC2 /* ArticleAPI.swift in Sources */,
				52C65E6D27F73E9700805CC2 /* Repository.swift in Sources */,
				52C65E5A27F72C3100805CC2 /* EndPoint.swift in Sources */,
				52C65E4827F616BF00805CC2 /* SplashScreenViewController.swift in Sources */,
				52C65E5827F6E8C400805CC2 /* ImageAPI.swift in Sources */,
				52B551F127F5E977001B6DA4 /* MapCoordinator.swift in Sources */,
				52B551F927F60AE5001B6DA4 /* MapViewController.swift in Sources */,
				52C65E6227F72CB000805CC2 /* URLParameterEncoder.swift in Sources */,
				52B551DA27F5E0A5001B6DA4 /* ViewController.swift in Sources */,
				52B551D627F5E0A5001B6DA4 /* AppDelegate.swift in Sources */,
				52B551FB27F61054001B6DA4 /* MainTabViewController.swift in Sources */,
				52C65E6727F735EF00805CC2 /* ArticleRepository.swift in Sources */,
				52B551F727F60AD8001B6DA4 /* BlogViewController.swift in Sources */,
				52B551ED27F5E5FA001B6DA4 /* MainCoordinator.swift in Sources */,
				52C65E6927F736B000805CC2 /* ImageRepository.swift in Sources */,
				52B551D827F5E0A5001B6DA4 /* SceneDelegate.swift in Sources */,
				52B551F427F603BA001B6DA4 /* Storyboarded.swift in Sources */,
				52C65E6027F72CA500805CC2 /* ParameterEncoder.swift in Sources */,
				52C65E5C27F72C4200805CC2 /* NetworkRouter.swift in Sources */,
			);
			runOnlyForDeploymentPostprocessing = 0;
		};
/* End PBXSourcesBuildPhase section */

/* Begin PBXVariantGroup section */
		52B551DB27F5E0A5001B6DA4 /* Main.storyboard */ = {
			isa = PBXVariantGroup;
			children = (
				52B551DC27F5E0A5001B6DA4 /* Base */,
			);
			name = Main.storyboard;
			sourceTree = "<group>";
		};
		52B551E027F5E0A7001B6DA4 /* LaunchScreen.storyboard */ = {
			isa = PBXVariantGroup;
			children = (
				52B551E127F5E0A7001B6DA4 /* Base */,
			);
			name = LaunchScreen.storyboard;
			sourceTree = "<group>";
		};
/* End PBXVariantGroup section */

/* Begin XCBuildConfiguration section */
		52B551E427F5E0A7001B6DA4 /* Debug */ = {
			isa = XCBuildConfiguration;
			buildSettings = {
				ALWAYS_SEARCH_USER_PATHS = NO;
				CLANG_ANALYZER_NONNULL = YES;
				CLANG_ANALYZER_NUMBER_OBJECT_CONVERSION = YES_AGGRESSIVE;
				CLANG_CXX_LANGUAGE_STANDARD = "gnu++17";
				CLANG_CXX_LIBRARY = "libc++";
				CLANG_ENABLE_MODULES = YES;
				CLANG_ENABLE_OBJC_ARC = YES;
				CLANG_ENABLE_OBJC_WEAK = YES;
				CLANG_WARN_BLOCK_CAPTURE_AUTORELEASING = YES;
				CLANG_WARN_BOOL_CONVERSION = YES;
				CLANG_WARN_COMMA = YES;
				CLANG_WARN_CONSTANT_CONVERSION = YES;
				CLANG_WARN_DEPRECATED_OBJC_IMPLEMENTATIONS = YES;
				CLANG_WARN_DIRECT_OBJC_ISA_USAGE = YES_ERROR;
				CLANG_WARN_DOCUMENTATION_COMMENTS = YES;
				CLANG_WARN_EMPTY_BODY = YES;
				CLANG_WARN_ENUM_CONVERSION = YES;
				CLANG_WARN_INFINITE_RECURSION = YES;
				CLANG_WARN_INT_CONVERSION = YES;
				CLANG_WARN_NON_LITERAL_NULL_CONVERSION = YES;
				CLANG_WARN_OBJC_IMPLICIT_RETAIN_SELF = YES;
				CLANG_WARN_OBJC_LITERAL_CONVERSION = YES;
				CLANG_WARN_OBJC_ROOT_CLASS = YES_ERROR;
				CLANG_WARN_QUOTED_INCLUDE_IN_FRAMEWORK_HEADER = YES;
				CLANG_WARN_RANGE_LOOP_ANALYSIS = YES;
				CLANG_WARN_STRICT_PROTOTYPES = YES;
				CLANG_WARN_SUSPICIOUS_MOVE = YES;
				CLANG_WARN_UNGUARDED_AVAILABILITY = YES_AGGRESSIVE;
				CLANG_WARN_UNREACHABLE_CODE = YES;
				CLANG_WARN__DUPLICATE_METHOD_MATCH = YES;
				COPY_PHASE_STRIP = NO;
				DEBUG_INFORMATION_FORMAT = dwarf;
				ENABLE_STRICT_OBJC_MSGSEND = YES;
				ENABLE_TESTABILITY = YES;
				GCC_C_LANGUAGE_STANDARD = gnu11;
				GCC_DYNAMIC_NO_PIC = NO;
				GCC_NO_COMMON_BLOCKS = YES;
				GCC_OPTIMIZATION_LEVEL = 0;
				GCC_PREPROCESSOR_DEFINITIONS = (
					"DEBUG=1",
					"$(inherited)",
				);
				GCC_WARN_64_TO_32_BIT_CONVERSION = YES;
				GCC_WARN_ABOUT_RETURN_TYPE = YES_ERROR;
				GCC_WARN_UNDECLARED_SELECTOR = YES;
				GCC_WARN_UNINITIALIZED_AUTOS = YES_AGGRESSIVE;
				GCC_WARN_UNUSED_FUNCTION = YES;
				GCC_WARN_UNUSED_VARIABLE = YES;
				IPHONEOS_DEPLOYMENT_TARGET = 15.2;
				MTL_ENABLE_DEBUG_INFO = INCLUDE_SOURCE;
				MTL_FAST_MATH = YES;
				ONLY_ACTIVE_ARCH = YES;
				SDKROOT = iphoneos;
				SWIFT_ACTIVE_COMPILATION_CONDITIONS = DEBUG;
				SWIFT_OPTIMIZATION_LEVEL = "-Onone";
			};
			name = Debug;
		};
		52B551E527F5E0A7001B6DA4 /* Release */ = {
			isa = XCBuildConfiguration;
			buildSettings = {
				ALWAYS_SEARCH_USER_PATHS = NO;
				CLANG_ANALYZER_NONNULL = YES;
				CLANG_ANALYZER_NUMBER_OBJECT_CONVERSION = YES_AGGRESSIVE;
				CLANG_CXX_LANGUAGE_STANDARD = "gnu++17";
				CLANG_CXX_LIBRARY = "libc++";
				CLANG_ENABLE_MODULES = YES;
				CLANG_ENABLE_OBJC_ARC = YES;
				CLANG_ENABLE_OBJC_WEAK = YES;
				CLANG_WARN_BLOCK_CAPTURE_AUTORELEASING = YES;
				CLANG_WARN_BOOL_CONVERSION = YES;
				CLANG_WARN_COMMA = YES;
				CLANG_WARN_CONSTANT_CONVERSION = YES;
				CLANG_WARN_DEPRECATED_OBJC_IMPLEMENTATIONS = YES;
				CLANG_WARN_DIRECT_OBJC_ISA_USAGE = YES_ERROR;
				CLANG_WARN_DOCUMENTATION_COMMENTS = YES;
				CLANG_WARN_EMPTY_BODY = YES;
				CLANG_WARN_ENUM_CONVERSION = YES;
				CLANG_WARN_INFINITE_RECURSION = YES;
				CLANG_WARN_INT_CONVERSION = YES;
				CLANG_WARN_NON_LITERAL_NULL_CONVERSION = YES;
				CLANG_WARN_OBJC_IMPLICIT_RETAIN_SELF = YES;
				CLANG_WARN_OBJC_LITERAL_CONVERSION = YES;
				CLANG_WARN_OBJC_ROOT_CLASS = YES_ERROR;
				CLANG_WARN_QUOTED_INCLUDE_IN_FRAMEWORK_HEADER = YES;
				CLANG_WARN_RANGE_LOOP_ANALYSIS = YES;
				CLANG_WARN_STRICT_PROTOTYPES = YES;
				CLANG_WARN_SUSPICIOUS_MOVE = YES;
				CLANG_WARN_UNGUARDED_AVAILABILITY = YES_AGGRESSIVE;
				CLANG_WARN_UNREACHABLE_CODE = YES;
				CLANG_WARN__DUPLICATE_METHOD_MATCH = YES;
				COPY_PHASE_STRIP = NO;
				DEBUG_INFORMATION_FORMAT = "dwarf-with-dsym";
				ENABLE_NS_ASSERTIONS = NO;
				ENABLE_STRICT_OBJC_MSGSEND = YES;
				GCC_C_LANGUAGE_STANDARD = gnu11;
				GCC_NO_COMMON_BLOCKS = YES;
				GCC_WARN_64_TO_32_BIT_CONVERSION = YES;
				GCC_WARN_ABOUT_RETURN_TYPE = YES_ERROR;
				GCC_WARN_UNDECLARED_SELECTOR = YES;
				GCC_WARN_UNINITIALIZED_AUTOS = YES_AGGRESSIVE;
				GCC_WARN_UNUSED_FUNCTION = YES;
				GCC_WARN_UNUSED_VARIABLE = YES;
				IPHONEOS_DEPLOYMENT_TARGET = 15.2;
				MTL_ENABLE_DEBUG_INFO = NO;
				MTL_FAST_MATH = YES;
				SDKROOT = iphoneos;
				SWIFT_COMPILATION_MODE = wholemodule;
				SWIFT_OPTIMIZATION_LEVEL = "-O";
				VALIDATE_PRODUCT = YES;
			};
			name = Release;
		};
		52B551E727F5E0A7001B6DA4 /* Debug */ = {
			isa = XCBuildConfiguration;
			buildSettings = {
				ASSETCATALOG_COMPILER_APPICON_NAME = AppIcon;
				ASSETCATALOG_COMPILER_GLOBAL_ACCENT_COLOR_NAME = AccentColor;
				CODE_SIGN_STYLE = Automatic;
				CURRENT_PROJECT_VERSION = 1;
				DEVELOPMENT_TEAM = XQ573T543U;
				GENERATE_INFOPLIST_FILE = YES;
				INFOPLIST_FILE = ltvios/Info.plist;
				INFOPLIST_KEY_UIApplicationSupportsIndirectInputEvents = YES;
				INFOPLIST_KEY_UILaunchStoryboardName = LaunchScreen;
				INFOPLIST_KEY_UIMainStoryboardFile = Main;
				INFOPLIST_KEY_UISupportedInterfaceOrientations_iPad = "UIInterfaceOrientationPortrait UIInterfaceOrientationPortraitUpsideDown UIInterfaceOrientationLandscapeLeft UIInterfaceOrientationLandscapeRight";
				INFOPLIST_KEY_UISupportedInterfaceOrientations_iPhone = "UIInterfaceOrientationPortrait UIInterfaceOrientationLandscapeLeft UIInterfaceOrientationLandscapeRight";
				LD_RUNPATH_SEARCH_PATHS = (
					"$(inherited)",
					"@executable_path/Frameworks",
				);
				MARKETING_VERSION = 1.0;
				PRODUCT_BUNDLE_IDENTIFIER = com.ltvios.gabi.ltvios;
				PRODUCT_NAME = "$(TARGET_NAME)";
				SWIFT_EMIT_LOC_STRINGS = YES;
				SWIFT_VERSION = 5.0;
				TARGETED_DEVICE_FAMILY = "1,2";
			};
			name = Debug;
		};
		52B551E827F5E0A7001B6DA4 /* Release */ = {
			isa = XCBuildConfiguration;
			buildSettings = {
				ASSETCATALOG_COMPILER_APPICON_NAME = AppIcon;
				ASSETCATALOG_COMPILER_GLOBAL_ACCENT_COLOR_NAME = AccentColor;
				CODE_SIGN_STYLE = Automatic;
				CURRENT_PROJECT_VERSION = 1;
				DEVELOPMENT_TEAM = XQ573T543U;
				GENERATE_INFOPLIST_FILE = YES;
				INFOPLIST_FILE = ltvios/Info.plist;
				INFOPLIST_KEY_UIApplicationSupportsIndirectInputEvents = YES;
				INFOPLIST_KEY_UILaunchStoryboardName = LaunchScreen;
				INFOPLIST_KEY_UIMainStoryboardFile = Main;
				INFOPLIST_KEY_UISupportedInterfaceOrientations_iPad = "UIInterfaceOrientationPortrait UIInterfaceOrientationPortraitUpsideDown UIInterfaceOrientationLandscapeLeft UIInterfaceOrientationLandscapeRight";
				INFOPLIST_KEY_UISupportedInterfaceOrientations_iPhone = "UIInterfaceOrientationPortrait UIInterfaceOrientationLandscapeLeft UIInterfaceOrientationLandscapeRight";
				LD_RUNPATH_SEARCH_PATHS = (
					"$(inherited)",
					"@executable_path/Frameworks",
				);
				MARKETING_VERSION = 1.0;
				PRODUCT_BUNDLE_IDENTIFIER = com.ltvios.gabi.ltvios;
				PRODUCT_NAME = "$(TARGET_NAME)";
				SWIFT_EMIT_LOC_STRINGS = YES;
				SWIFT_VERSION = 5.0;
				TARGETED_DEVICE_FAMILY = "1,2";
			};
			name = Release;
		};
/* End XCBuildConfiguration section */

/* Begin XCConfigurationList section */
		52B551CD27F5E0A5001B6DA4 /* Build configuration list for PBXProject "ltvios" */ = {
			isa = XCConfigurationList;
			buildConfigurations = (
				52B551E427F5E0A7001B6DA4 /* Debug */,
				52B551E527F5E0A7001B6DA4 /* Release */,
			);
			defaultConfigurationIsVisible = 0;
			defaultConfigurationName = Release;
		};
		52B551E627F5E0A7001B6DA4 /* Build configuration list for PBXNativeTarget "ltvios" */ = {
			isa = XCConfigurationList;
			buildConfigurations = (
				52B551E727F5E0A7001B6DA4 /* Debug */,
				52B551E827F5E0A7001B6DA4 /* Release */,
			);
			defaultConfigurationIsVisible = 0;
			defaultConfigurationName = Release;
		};
/* End XCConfigurationList section */
	};
	rootObject = 52B551CA27F5E0A5001B6DA4 /* Project object */;
}
